{
    "_readme": [
        "This file locks the dependencies of your project to a known state",
        "Read more about it at https://getcomposer.org/doc/01-basic-usage.md#composer-lock-the-lock-file",
        "This file is @generated automatically"
    ],
    "hash": "9af8b320a4770a298f486712574f5ae4",
    "content-hash": "172c8dde641d157d968aa9ddd4f014a3",
    "packages": [
        {
            "name": "diniska/chemistry",
            "version": "1.0",
            "dist": {
                "type": "zip",
                "url": "https://github.com/diniska/chemistry/archive/master.zip",
                "reference": null,
                "shasum": null
            },
            "type": "library"
        }
    ],
    "packages-dev": [],
    "aliases": [],
    "minimum-stability": "dev",
    "stability-flags": [],
    "prefer-stable": false,
    "prefer-lowest": false,
    "platform": [],
    "platform-dev": []
}
